
Microsoft Visual Studio Solution File, Format Version 12.00
# Visual Studio 15
VisualStudioVersion = 15.0.27703.2042
MinimumVisualStudioVersion = 10.0.40219.1
Project("{FAE04EC0-301F-11D3-BF4B-00C04F79EFBC}") = "ntust_course_search", "ntust_course_search.csproj", "{442CC823-69D6-47E4-A2EB-22C059F7CF6A}"
EndProject
Global
	GlobalSection(SolutionConfigurationPlatforms) = preSolution
		Debug|Any CPU = Debug|Any CPU
		Release|Any CPU = Release|Any CPU
	EndGlobalSection
	GlobalSection(ProjectConfigurationPlatforms) = postSolution
		{442CC823-69D6-47E4-A2EB-22C059F7CF6A}.Debug|Any CPU.ActiveCfg = Debug|Any CPU
		{442CC823-69D6-47E4-A2EB-22C059F7CF6A}.Debug|Any CPU.Build.0 = Debug|Any CPU
		{442CC823-69D6-47E4-A2EB-22C059F7CF6A}.Release|Any CPU.ActiveCfg = Release|Any CPU
		{442CC823-69D6-47E4-A2EB-22C059F7CF6A}.Release|Any CPU.Build.0 = Release|Any CPU
	EndGlobalSection
	GlobalSection(SolutionProperties) = preSolution
		HideSolutionNode = FALSE
	EndGlobalSection
	GlobalSection(ExtensibilityGlobals) = postSolution
		SolutionGuid = {4DC0AAD8-CDEB-4F93-8C64-BCF0B17345A3}
	EndGlobalSection
EndGlobal
